// !$*UTF8*$!
{
	archiveVersion = 1;
	classes = {
	};
	objectVersion = 46;
	objects = {

/* Begin PBXBuildFile section */
		593C882B1A0DFFC9DE624EB8 /* Pods_____UITests.framework in Frameworks */ = {isa = PBXBuildFile; fileRef = 63915D7026117ACCCBDA03D4 /* Pods_____UITests.framework */; };
		5E0E09281E87AFA100234106 /* main.json in Resources */ = {isa = PBXBuildFile; fileRef = 5E0E09271E87AFA100234106 /* main.json */; };
		5E18DADA1E890977000C2659 /* JLLStatusCell.swift in Sources */ = {isa = PBXBuildFile; fileRef = 5E18DAD81E890977000C2659 /* JLLStatusCell.swift */; };
		5E18DADB1E890977000C2659 /* JLLStatusNormalCell.xib in Resources */ = {isa = PBXBuildFile; fileRef = 5E18DAD91E890977000C2659 /* JLLStatusNormalCell.xib */; };
		5E18DADE1E895912000C2659 /* JLLUser.swift in Sources */ = {isa = PBXBuildFile; fileRef = 5E18DADD1E895912000C2659 /* JLLUser.swift */; };
		5E18DAE11E895DCE000C2659 /* JLLScheduleCell.swift in Sources */ = {isa = PBXBuildFile; fileRef = 5E18DAE01E895DCE000C2659 /* JLLScheduleCell.swift */; };
		5E18DAE31E895DE7000C2659 /* JLLScheduleCell.xib in Resources */ = {isa = PBXBuildFile; fileRef = 5E18DAE21E895DE7000C2659 /* JLLScheduleCell.xib */; };
		5EBA74B21E8AD8CF00BFE194 /* DiscoveryCell.xib in Resources */ = {isa = PBXBuildFile; fileRef = 5EBA74B01E8AD8CF00BFE194 /* DiscoveryCell.xib */; };
		5EC946E71E8AE87400715279 /* DiscoveryStatusCell.swift in Sources */ = {isa = PBXBuildFile; fileRef = 5EC946E61E8AE87400715279 /* DiscoveryStatusCell.swift */; };
		A23F16FDEB7ACC895FD3D099 /* Pods_____Tests.framework in Frameworks */ = {isa = PBXBuildFile; fileRef = AB61EE922C1B2842A216B836 /* Pods_____Tests.framework */; };
		B526202B1E6DC14B004D21C0 /* UIBarButtonItem.swift in Sources */ = {isa = PBXBuildFile; fileRef = B526202A1E6DC14B004D21C0 /* UIBarButtonItem.swift */; };
		B53ABAA91E854E2200828FBD /* JLLVisitorView.swift in Sources */ = {isa = PBXBuildFile; fileRef = B53ABAA81E854E2200828FBD /* JLLVisitorView.swift */; };
		B5465D531E8AAEDA00B65AD1 /* JLLNetworkingManager.swift in Sources */ = {isa = PBXBuildFile; fileRef = B5465D521E8AAEDA00B65AD1 /* JLLNetworkingManager.swift */; };
		B581EFD71E7EACA500A2ECDA /* JLLDemoViewController.swift in Sources */ = {isa = PBXBuildFile; fileRef = B581EFD61E7EACA500A2ECDA /* JLLDemoViewController.swift */; };
		B586E3041E6B1C400040F9F3 /* AppDelegate.swift in Sources */ = {isa = PBXBuildFile; fileRef = B586E3031E6B1C400040F9F3 /* AppDelegate.swift */; };
		B586E30B1E6B1C400040F9F3 /* Assets.xcassets in Resources */ = {isa = PBXBuildFile; fileRef = B586E30A1E6B1C400040F9F3 /* Assets.xcassets */; };
		B586E3191E6B1C400040F9F3 /* ____Tests.swift in Sources */ = {isa = PBXBuildFile; fileRef = B586E3181E6B1C400040F9F3 /* ____Tests.swift */; };
		B586E3241E6B1C400040F9F3 /* ____UITests.swift in Sources */ = {isa = PBXBuildFile; fileRef = B586E3231E6B1C400040F9F3 /* ____UITests.swift */; };
		B59B0F051E855443005B52B2 /* UILabel.swift in Sources */ = {isa = PBXBuildFile; fileRef = B59B0F041E855443005B52B2 /* UILabel.swift */; };
		B59B0F071E8565C7005B52B2 /* UIButton.swift in Sources */ = {isa = PBXBuildFile; fileRef = B59B0F061E8565C7005B52B2 /* UIButton.swift */; };
		B5AE10FC1E7D9E1800609CD6 /* JoinViewController.swift in Sources */ = {isa = PBXBuildFile; fileRef = B5AE10FB1E7D9E1800609CD6 /* JoinViewController.swift */; };
		B5AE10FE1E7D9E2300609CD6 /* MapViewController.swift in Sources */ = {isa = PBXBuildFile; fileRef = B5AE10FD1E7D9E2300609CD6 /* MapViewController.swift */; };
		B5AE11001E7D9E5500609CD6 /* DetailViewController.swift in Sources */ = {isa = PBXBuildFile; fileRef = B5AE10FF1E7D9E5500609CD6 /* DetailViewController.swift */; };
		B5DFDA991E6BC506007BD6AB /* JLLMainViewController.swift in Sources */ = {isa = PBXBuildFile; fileRef = B5DFDA981E6BC506007BD6AB /* JLLMainViewController.swift */; };
		B5DFDA9B1E6BC772007BD6AB /* JLLNavigationController.swift in Sources */ = {isa = PBXBuildFile; fileRef = B5DFDA9A1E6BC772007BD6AB /* JLLNavigationController.swift */; };
		B5DFDA9D1E6BC7BC007BD6AB /* JLLBaseViewController.swift in Sources */ = {isa = PBXBuildFile; fileRef = B5DFDA9C1E6BC7BC007BD6AB /* JLLBaseViewController.swift */; };
		B5DFDA9F1E6BC830007BD6AB /* JLLSocietyViewController.swift in Sources */ = {isa = PBXBuildFile; fileRef = B5DFDA9E1E6BC830007BD6AB /* JLLSocietyViewController.swift */; };
		B5DFDAA11E6BC874007BD6AB /* JLLScheduleViewController.swift in Sources */ = {isa = PBXBuildFile; fileRef = B5DFDAA01E6BC874007BD6AB /* JLLScheduleViewController.swift */; };
		B5DFDAA31E6BC889007BD6AB /* JLLProfileViewController.swift in Sources */ = {isa = PBXBuildFile; fileRef = B5DFDAA21E6BC889007BD6AB /* JLLProfileViewController.swift */; };
		B5DFDAA51E6BC899007BD6AB /* JLLDiscoveryViewController.swift in Sources */ = {isa = PBXBuildFile; fileRef = B5DFDAA41E6BC899007BD6AB /* JLLDiscoveryViewController.swift */; };
		B5DFDAA81E6C2B90007BD6AB /* BundleExtension.swift in Sources */ = {isa = PBXBuildFile; fileRef = B5DFDAA71E6C2B90007BD6AB /* BundleExtension.swift */; };
		B7FF353BE25B3F31AC89BBD3 /* Pods_____.framework in Frameworks */ = {isa = PBXBuildFile; fileRef = 1270F659BDB5C20CFD32FCEC /* Pods_____.framework */; };
/* End PBXBuildFile section */

/* Begin PBXContainerItemProxy section */
		B586E3151E6B1C400040F9F3 /* PBXContainerItemProxy */ = {
			isa = PBXContainerItemProxy;
			containerPortal = B586E2F81E6B1C400040F9F3 /* Project object */;
			proxyType = 1;
			remoteGlobalIDString = B586E2FF1E6B1C400040F9F3;
			remoteInfo = "金陵联赛";
		};
		B586E3201E6B1C400040F9F3 /* PBXContainerItemProxy */ = {
			isa = PBXContainerItemProxy;
			containerPortal = B586E2F81E6B1C400040F9F3 /* Project object */;
			proxyType = 1;
			remoteGlobalIDString = B586E2FF1E6B1C400040F9F3;
			remoteInfo = "金陵联赛";
		};
/* End PBXContainerItemProxy section */

/* Begin PBXFileReference section */
		1270F659BDB5C20CFD32FCEC /* Pods_____.framework */ = {isa = PBXFileReference; explicitFileType = wrapper.framework; includeInIndex = 0; path = "Pods_____.framework"; sourceTree = BUILT_PRODUCTS_DIR; };
		2A767672105BCEC2F2803BAF /* Pods-金陵联赛UITests.debug.xcconfig */ = {isa = PBXFileReference; includeInIndex = 1; lastKnownFileType = text.xcconfig; name = "Pods-金陵联赛UITests.debug.xcconfig"; path = "Pods/Target Support Files/Pods-金陵联赛UITests/Pods-金陵联赛UITests.debug.xcconfig"; sourceTree = "<group>"; };
		2C9C28EB9C54E4D9705DF031 /* Pods-金陵联赛Tests.debug.xcconfig */ = {isa = PBXFileReference; includeInIndex = 1; lastKnownFileType = text.xcconfig; name = "Pods-金陵联赛Tests.debug.xcconfig"; path = "Pods/Target Support Files/Pods-金陵联赛Tests/Pods-金陵联赛Tests.debug.xcconfig"; sourceTree = "<group>"; };
		52F18749227124813B6507A4 /* Pods-金陵联赛.release.xcconfig */ = {isa = PBXFileReference; includeInIndex = 1; lastKnownFileType = text.xcconfig; name = "Pods-金陵联赛.release.xcconfig"; path = "Pods/Target Support Files/Pods-金陵联赛/Pods-金陵联赛.release.xcconfig"; sourceTree = "<group>"; };
		58226750F540A5197117A5F6 /* Pods-金陵联赛UITests.release.xcconfig */ = {isa = PBXFileReference; includeInIndex = 1; lastKnownFileType = text.xcconfig; name = "Pods-金陵联赛UITests.release.xcconfig"; path = "Pods/Target Support Files/Pods-金陵联赛UITests/Pods-金陵联赛UITests.release.xcconfig"; sourceTree = "<group>"; };
		5E0E09271E87AFA100234106 /* main.json */ = {isa = PBXFileReference; fileEncoding = 4; lastKnownFileType = text.json; path = main.json; sourceTree = "<group>"; };
		5E18DAD81E890977000C2659 /* JLLStatusCell.swift */ = {isa = PBXFileReference; fileEncoding = 4; lastKnownFileType = sourcecode.swift; path = JLLStatusCell.swift; sourceTree = "<group>"; };
		5E18DAD91E890977000C2659 /* JLLStatusNormalCell.xib */ = {isa = PBXFileReference; fileEncoding = 4; lastKnownFileType = file.xib; path = JLLStatusNormalCell.xib; sourceTree = "<group>"; };
		5E18DADD1E895912000C2659 /* JLLUser.swift */ = {isa = PBXFileReference; fileEncoding = 4; lastKnownFileType = sourcecode.swift; name = JLLUser.swift; path = "金陵联赛/Classes/View/Society(社区)/StatusCell/JLLUser.swift"; sourceTree = SOURCE_ROOT; };
		5E18DAE01E895DCE000C2659 /* JLLScheduleCell.swift */ = {isa = PBXFileReference; fileEncoding = 4; lastKnownFileType = sourcecode.swift; path = JLLScheduleCell.swift; sourceTree = "<group>"; };
		5E18DAE21E895DE7000C2659 /* JLLScheduleCell.xib */ = {isa = PBXFileReference; fileEncoding = 4; lastKnownFileType = file.xib; path = JLLScheduleCell.xib; sourceTree = "<group>"; };
		5EBA74B01E8AD8CF00BFE194 /* DiscoveryCell.xib */ = {isa = PBXFileReference; fileEncoding = 4; lastKnownFileType = file.xib; path = DiscoveryCell.xib; sourceTree = "<group>"; };
		5EC946E61E8AE87400715279 /* DiscoveryStatusCell.swift */ = {isa = PBXFileReference; fileEncoding = 4; lastKnownFileType = sourcecode.swift; path = DiscoveryStatusCell.swift; sourceTree = "<group>"; };
		60E1DFC953258FE08A4ED43E /* Pods-金陵联赛Tests.release.xcconfig */ = {isa = PBXFileReference; includeInIndex = 1; lastKnownFileType = text.xcconfig; name = "Pods-金陵联赛Tests.release.xcconfig"; path = "Pods/Target Support Files/Pods-金陵联赛Tests/Pods-金陵联赛Tests.release.xcconfig"; sourceTree = "<group>"; };
		63915D7026117ACCCBDA03D4 /* Pods_____UITests.framework */ = {isa = PBXFileReference; explicitFileType = wrapper.framework; includeInIndex = 0; path = "Pods_____UITests.framework"; sourceTree = BUILT_PRODUCTS_DIR; };
		AB61EE922C1B2842A216B836 /* Pods_____Tests.framework */ = {isa = PBXFileReference; explicitFileType = wrapper.framework; includeInIndex = 0; path = "Pods_____Tests.framework"; sourceTree = BUILT_PRODUCTS_DIR; };
		B526202A1E6DC14B004D21C0 /* UIBarButtonItem.swift */ = {isa = PBXFileReference; fileEncoding = 4; lastKnownFileType = sourcecode.swift; path = UIBarButtonItem.swift; sourceTree = "<group>"; };
		B53ABAA81E854E2200828FBD /* JLLVisitorView.swift */ = {isa = PBXFileReference; fileEncoding = 4; lastKnownFileType = sourcecode.swift; path = JLLVisitorView.swift; sourceTree = "<group>"; };
		B5465D521E8AAEDA00B65AD1 /* JLLNetworkingManager.swift */ = {isa = PBXFileReference; fileEncoding = 4; lastKnownFileType = sourcecode.swift; path = JLLNetworkingManager.swift; sourceTree = "<group>"; };
		B581EFD61E7EACA500A2ECDA /* JLLDemoViewController.swift */ = {isa = PBXFileReference; fileEncoding = 4; lastKnownFileType = sourcecode.swift; path = JLLDemoViewController.swift; sourceTree = "<group>"; };
		B586E3001E6B1C400040F9F3 /* 金陵联赛.app */ = {isa = PBXFileReference; explicitFileType = wrapper.application; includeInIndex = 0; path = "金陵联赛.app"; sourceTree = BUILT_PRODUCTS_DIR; };
		B586E3031E6B1C400040F9F3 /* AppDelegate.swift */ = {isa = PBXFileReference; lastKnownFileType = sourcecode.swift; path = AppDelegate.swift; sourceTree = "<group>"; };
		B586E30A1E6B1C400040F9F3 /* Assets.xcassets */ = {isa = PBXFileReference; lastKnownFileType = folder.assetcatalog; path = Assets.xcassets; sourceTree = "<group>"; };
		B586E30F1E6B1C400040F9F3 /* Info.plist */ = {isa = PBXFileReference; lastKnownFileType = text.plist.xml; path = Info.plist; sourceTree = "<group>"; };
		B586E3141E6B1C400040F9F3 /* 金陵联赛Tests.xctest */ = {isa = PBXFileReference; explicitFileType = wrapper.cfbundle; includeInIndex = 0; path = "金陵联赛Tests.xctest"; sourceTree = BUILT_PRODUCTS_DIR; };
		B586E3181E6B1C400040F9F3 /* ____Tests.swift */ = {isa = PBXFileReference; lastKnownFileType = sourcecode.swift; path = "____Tests.swift"; sourceTree = "<group>"; };
		B586E31A1E6B1C400040F9F3 /* Info.plist */ = {isa = PBXFileReference; lastKnownFileType = text.plist.xml; path = Info.plist; sourceTree = "<group>"; };
		B586E31F1E6B1C400040F9F3 /* 金陵联赛UITests.xctest */ = {isa = PBXFileReference; explicitFileType = wrapper.cfbundle; includeInIndex = 0; path = "金陵联赛UITests.xctest"; sourceTree = BUILT_PRODUCTS_DIR; };
		B586E3231E6B1C400040F9F3 /* ____UITests.swift */ = {isa = PBXFileReference; lastKnownFileType = sourcecode.swift; path = "____UITests.swift"; sourceTree = "<group>"; };
		B586E3251E6B1C400040F9F3 /* Info.plist */ = {isa = PBXFileReference; lastKnownFileType = text.plist.xml; path = Info.plist; sourceTree = "<group>"; };
		B59B0F041E855443005B52B2 /* UILabel.swift */ = {isa = PBXFileReference; fileEncoding = 4; lastKnownFileType = sourcecode.swift; path = UILabel.swift; sourceTree = "<group>"; };
		B59B0F061E8565C7005B52B2 /* UIButton.swift */ = {isa = PBXFileReference; fileEncoding = 4; lastKnownFileType = sourcecode.swift; path = UIButton.swift; sourceTree = "<group>"; };
		B5AE10FB1E7D9E1800609CD6 /* JoinViewController.swift */ = {isa = PBXFileReference; fileEncoding = 4; lastKnownFileType = sourcecode.swift; path = JoinViewController.swift; sourceTree = "<group>"; };
		B5AE10FD1E7D9E2300609CD6 /* MapViewController.swift */ = {isa = PBXFileReference; fileEncoding = 4; lastKnownFileType = sourcecode.swift; path = MapViewController.swift; sourceTree = "<group>"; };
		B5AE10FF1E7D9E5500609CD6 /* DetailViewController.swift */ = {isa = PBXFileReference; fileEncoding = 4; lastKnownFileType = sourcecode.swift; path = DetailViewController.swift; sourceTree = "<group>"; };
		B5DFDA981E6BC506007BD6AB /* JLLMainViewController.swift */ = {isa = PBXFileReference; fileEncoding = 4; lastKnownFileType = sourcecode.swift; path = JLLMainViewController.swift; sourceTree = "<group>"; };
		B5DFDA9A1E6BC772007BD6AB /* JLLNavigationController.swift */ = {isa = PBXFileReference; fileEncoding = 4; lastKnownFileType = sourcecode.swift; path = JLLNavigationController.swift; sourceTree = "<group>"; };
		B5DFDA9C1E6BC7BC007BD6AB /* JLLBaseViewController.swift */ = {isa = PBXFileReference; fileEncoding = 4; lastKnownFileType = sourcecode.swift; path = JLLBaseViewController.swift; sourceTree = "<group>"; };
		B5DFDA9E1E6BC830007BD6AB /* JLLSocietyViewController.swift */ = {isa = PBXFileReference; fileEncoding = 4; lastKnownFileType = sourcecode.swift; path = JLLSocietyViewController.swift; sourceTree = "<group>"; };
		B5DFDAA01E6BC874007BD6AB /* JLLScheduleViewController.swift */ = {isa = PBXFileReference; fileEncoding = 4; lastKnownFileType = sourcecode.swift; path = JLLScheduleViewController.swift; sourceTree = "<group>"; };
		B5DFDAA21E6BC889007BD6AB /* JLLProfileViewController.swift */ = {isa = PBXFileReference; fileEncoding = 4; lastKnownFileType = sourcecode.swift; path = JLLProfileViewController.swift; sourceTree = "<group>"; };
		B5DFDAA41E6BC899007BD6AB /* JLLDiscoveryViewController.swift */ = {isa = PBXFileReference; fileEncoding = 4; lastKnownFileType = sourcecode.swift; path = JLLDiscoveryViewController.swift; sourceTree = "<group>"; };
		B5DFDAA71E6C2B90007BD6AB /* BundleExtension.swift */ = {isa = PBXFileReference; fileEncoding = 4; lastKnownFileType = sourcecode.swift; path = BundleExtension.swift; sourceTree = "<group>"; };
		D551EA95ED3387B74F2E34E1 /* Pods-金陵联赛.debug.xcconfig */ = {isa = PBXFileReference; includeInIndex = 1; lastKnownFileType = text.xcconfig; name = "Pods-金陵联赛.debug.xcconfig"; path = "Pods/Target Support Files/Pods-金陵联赛/Pods-金陵联赛.debug.xcconfig"; sourceTree = "<group>"; };
/* End PBXFileReference section */

/* Begin PBXFrameworksBuildPhase section */
		B586E2FD1E6B1C400040F9F3 /* Frameworks */ = {
			isa = PBXFrameworksBuildPhase;
			buildActionMask = 2147483647;
			files = (
				B7FF353BE25B3F31AC89BBD3 /* Pods_____.framework in Frameworks */,
			);
			runOnlyForDeploymentPostprocessing = 0;
		};
		B586E3111E6B1C400040F9F3 /* Frameworks */ = {
			isa = PBXFrameworksBuildPhase;
			buildActionMask = 2147483647;
			files = (
				A23F16FDEB7ACC895FD3D099 /* Pods_____Tests.framework in Frameworks */,
			);
			runOnlyForDeploymentPostprocessing = 0;
		};
		B586E31C1E6B1C400040F9F3 /* Frameworks */ = {
			isa = PBXFrameworksBuildPhase;
			buildActionMask = 2147483647;
			files = (
				593C882B1A0DFFC9DE624EB8 /* Pods_____UITests.framework in Frameworks */,
			);
			runOnlyForDeploymentPostprocessing = 0;
		};
/* End PBXFrameworksBuildPhase section */

/* Begin PBXGroup section */
		5E18DAD71E890977000C2659 /* StatusCell */ = {
			isa = PBXGroup;
			children = (
				5E18DAD81E890977000C2659 /* JLLStatusCell.swift */,
				5E18DAD91E890977000C2659 /* JLLStatusNormalCell.xib */,
			);
			path = StatusCell;
			sourceTree = "<group>";
		};
		5E18DADC1E895862000C2659 /* model */ = {
			isa = PBXGroup;
			children = (
			);
			path = model;
			sourceTree = "<group>";
		};
		5E18DADF1E895D92000C2659 /* ScheduleCell */ = {
			isa = PBXGroup;
			children = (
				5E18DAE01E895DCE000C2659 /* JLLScheduleCell.swift */,
				5E18DAE21E895DE7000C2659 /* JLLScheduleCell.xib */,
			);
			path = ScheduleCell;
			sourceTree = "<group>";
		};
		5EBA74AE1E8AD8CF00BFE194 /* DiscoveryCell */ = {
			isa = PBXGroup;
			children = (
				5EBA74B01E8AD8CF00BFE194 /* DiscoveryCell.xib */,
				5EC946E61E8AE87400715279 /* DiscoveryStatusCell.swift */,
			);
			path = DiscoveryCell;
			sourceTree = "<group>";
		};
		8EF2E00C0AEF4826E18821C6 /* Frameworks */ = {
			isa = PBXGroup;
			children = (
				1270F659BDB5C20CFD32FCEC /* Pods_____.framework */,
				AB61EE922C1B2842A216B836 /* Pods_____Tests.framework */,
				63915D7026117ACCCBDA03D4 /* Pods_____UITests.framework */,
			);
			name = Frameworks;
			sourceTree = "<group>";
		};
		B53ABAA71E854DEC00828FBD /* VisitorView */ = {
			isa = PBXGroup;
			children = (
				B53ABAA81E854E2200828FBD /* JLLVisitorView.swift */,
			);
			name = VisitorView;
			sourceTree = "<group>";
		};
		B5465D4B1E8A569C00B65AD1 /* ProfileCell */ = {
			isa = PBXGroup;
			children = (
			);
			path = ProfileCell;
			sourceTree = "<group>";
		};
		B5465D511E8AAE0A00B65AD1 /* Network */ = {
			isa = PBXGroup;
			children = (
				B5465D521E8AAEDA00B65AD1 /* JLLNetworkingManager.swift */,
			);
			path = Network;
			sourceTree = "<group>";
		};
		B581EFD51E7EAC8400A2ECDA /* Test */ = {
			isa = PBXGroup;
			children = (
				B581EFD61E7EACA500A2ECDA /* JLLDemoViewController.swift */,
			);
			name = Test;
			sourceTree = "<group>";
		};
		B586E2F71E6B1C400040F9F3 = {
			isa = PBXGroup;
			children = (
				B586E3021E6B1C400040F9F3 /* 金陵联赛 */,
				B586E3171E6B1C400040F9F3 /* 金陵联赛Tests */,
				B586E3221E6B1C400040F9F3 /* 金陵联赛UITests */,
				B586E3011E6B1C400040F9F3 /* Products */,
				C2AB0118C86318422A9CF557 /* Pods */,
				8EF2E00C0AEF4826E18821C6 /* Frameworks */,
			);
			sourceTree = "<group>";
		};
		B586E3011E6B1C400040F9F3 /* Products */ = {
			isa = PBXGroup;
			children = (
				B586E3001E6B1C400040F9F3 /* 金陵联赛.app */,
				B586E3141E6B1C400040F9F3 /* 金陵联赛Tests.xctest */,
				B586E31F1E6B1C400040F9F3 /* 金陵联赛UITests.xctest */,
			);
			name = Products;
			sourceTree = "<group>";
		};
		B586E3021E6B1C400040F9F3 /* 金陵联赛 */ = {
			isa = PBXGroup;
			children = (
				B5DFDA8E1E6BC484007BD6AB /* Classes */,
				B586E3031E6B1C400040F9F3 /* AppDelegate.swift */,
				B586E30A1E6B1C400040F9F3 /* Assets.xcassets */,
				B586E30F1E6B1C400040F9F3 /* Info.plist */,
			);
			path = "金陵联赛";
			sourceTree = "<group>";
		};
		B586E3171E6B1C400040F9F3 /* 金陵联赛Tests */ = {
			isa = PBXGroup;
			children = (
				B586E3181E6B1C400040F9F3 /* ____Tests.swift */,
				B586E31A1E6B1C400040F9F3 /* Info.plist */,
			);
			path = "金陵联赛Tests";
			sourceTree = "<group>";
		};
		B586E3221E6B1C400040F9F3 /* 金陵联赛UITests */ = {
			isa = PBXGroup;
			children = (
				B586E3231E6B1C400040F9F3 /* ____UITests.swift */,
				B586E3251E6B1C400040F9F3 /* Info.plist */,
			);
			path = "金陵联赛UITests";
			sourceTree = "<group>";
		};
		B5DFDA8E1E6BC484007BD6AB /* Classes */ = {
			isa = PBXGroup;
			children = (
				5E18DADC1E895862000C2659 /* model */,
				B5DFDA8F1E6BC484007BD6AB /* Model */,
				B5DFDA901E6BC484007BD6AB /* Util */,
				B5DFDA911E6BC484007BD6AB /* View */,
				B5DFDA971E6BC484007BD6AB /* ViewModel */,
			);
			path = Classes;
			sourceTree = "<group>";
		};
		B5DFDA8F1E6BC484007BD6AB /* Model */ = {
			isa = PBXGroup;
			children = (
				5E18DADD1E895912000C2659 /* JLLUser.swift */,
			);
			path = Model;
			sourceTree = "<group>";
		};
		B5DFDA901E6BC484007BD6AB /* Util */ = {
			isa = PBXGroup;
			children = (
				B5465D511E8AAE0A00B65AD1 /* Network */,
				B5DFDAA61E6C2B63007BD6AB /* Extension */,
			);
			path = Util;
			sourceTree = "<group>";
		};
		B5DFDA911E6BC484007BD6AB /* View */ = {
			isa = PBXGroup;
			children = (
				B5DFDA921E6BC484007BD6AB /* Discovery(约球) */,
				B5DFDA931E6BC484007BD6AB /* Main */,
				B5DFDA941E6BC484007BD6AB /* Profile(个人) */,
				B5DFDA951E6BC484007BD6AB /* Schedule(比赛日程) */,
				B5DFDA961E6BC484007BD6AB /* Society(社区) */,
			);
			path = View;
			sourceTree = "<group>";
		};
		B5DFDA921E6BC484007BD6AB /* Discovery(约球) */ = {
			isa = PBXGroup;
			children = (
				5EBA74AE1E8AD8CF00BFE194 /* DiscoveryCell */,
				B5DFDAA41E6BC899007BD6AB /* JLLDiscoveryViewController.swift */,
				B5AE10FB1E7D9E1800609CD6 /* JoinViewController.swift */,
				B5AE10FD1E7D9E2300609CD6 /* MapViewController.swift */,
			);
			path = "Discovery(约球)";
			sourceTree = "<group>";
		};
		B5DFDA931E6BC484007BD6AB /* Main */ = {
			isa = PBXGroup;
			children = (
				5E0E09271E87AFA100234106 /* main.json */,
				B53ABAA71E854DEC00828FBD /* VisitorView */,
				B581EFD51E7EAC8400A2ECDA /* Test */,
				B5DFDA981E6BC506007BD6AB /* JLLMainViewController.swift */,
				B5DFDA9A1E6BC772007BD6AB /* JLLNavigationController.swift */,
				B5DFDA9C1E6BC7BC007BD6AB /* JLLBaseViewController.swift */,
			);
			path = Main;
			sourceTree = "<group>";
		};
		B5DFDA941E6BC484007BD6AB /* Profile(个人) */ = {
			isa = PBXGroup;
			children = (
				B5DFDAA21E6BC889007BD6AB /* JLLProfileViewController.swift */,
				B5465D4B1E8A569C00B65AD1 /* ProfileCell */,
			);
			path = "Profile(个人)";
			sourceTree = "<group>";
		};
		B5DFDA951E6BC484007BD6AB /* Schedule(比赛日程) */ = {
			isa = PBXGroup;
			children = (
				5E18DADF1E895D92000C2659 /* ScheduleCell */,
				B5DFDAA01E6BC874007BD6AB /* JLLScheduleViewController.swift */,
			);
			path = "Schedule(比赛日程)";
			sourceTree = "<group>";
		};
		B5DFDA961E6BC484007BD6AB /* Society(社区) */ = {
			isa = PBXGroup;
			children = (
				5E18DAD71E890977000C2659 /* StatusCell */,
				B5AE10FF1E7D9E5500609CD6 /* DetailViewController.swift */,
				B5DFDA9E1E6BC830007BD6AB /* JLLSocietyViewController.swift */,
			);
			path = "Society(社区)";
			sourceTree = "<group>";
		};
		B5DFDA971E6BC484007BD6AB /* ViewModel */ = {
			isa = PBXGroup;
			children = (
			);
			path = ViewModel;
			sourceTree = "<group>";
		};
		B5DFDAA61E6C2B63007BD6AB /* Extension */ = {
			isa = PBXGroup;
			children = (
				B5DFDAA71E6C2B90007BD6AB /* BundleExtension.swift */,
				B526202A1E6DC14B004D21C0 /* UIBarButtonItem.swift */,
				B59B0F041E855443005B52B2 /* UILabel.swift */,
				B59B0F061E8565C7005B52B2 /* UIButton.swift */,
			);
			path = Extension;
			sourceTree = "<group>";
		};
		C2AB0118C86318422A9CF557 /* Pods */ = {
			isa = PBXGroup;
			children = (
				D551EA95ED3387B74F2E34E1 /* Pods-金陵联赛.debug.xcconfig */,
				52F18749227124813B6507A4 /* Pods-金陵联赛.release.xcconfig */,
				2C9C28EB9C54E4D9705DF031 /* Pods-金陵联赛Tests.debug.xcconfig */,
				60E1DFC953258FE08A4ED43E /* Pods-金陵联赛Tests.release.xcconfig */,
				2A767672105BCEC2F2803BAF /* Pods-金陵联赛UITests.debug.xcconfig */,
				58226750F540A5197117A5F6 /* Pods-金陵联赛UITests.release.xcconfig */,
			);
			name = Pods;
			sourceTree = "<group>";
		};
/* End PBXGroup section */

/* Begin PBXNativeTarget section */
		B586E2FF1E6B1C400040F9F3 /* 金陵联赛 */ = {
			isa = PBXNativeTarget;
			buildConfigurationList = B586E3281E6B1C400040F9F3 /* Build configuration list for PBXNativeTarget "金陵联赛" */;
			buildPhases = (
				88E27D7C1DABABDFD363C87E /* [CP] Check Pods Manifest.lock */,
				B586E2FC1E6B1C400040F9F3 /* Sources */,
				B586E2FD1E6B1C400040F9F3 /* Frameworks */,
				B586E2FE1E6B1C400040F9F3 /* Resources */,
				465894BF043557E1DF5AB5B0 /* [CP] Embed Pods Frameworks */,
				52EC17E0D7D28028251D5612 /* [CP] Copy Pods Resources */,
			);
			buildRules = (
			);
			dependencies = (
			);
			name = "金陵联赛";
			productName = "金陵联赛";
			productReference = B586E3001E6B1C400040F9F3 /* 金陵联赛.app */;
			productType = "com.apple.product-type.application";
		};
		B586E3131E6B1C400040F9F3 /* 金陵联赛Tests */ = {
			isa = PBXNativeTarget;
			buildConfigurationList = B586E32B1E6B1C400040F9F3 /* Build configuration list for PBXNativeTarget "金陵联赛Tests" */;
			buildPhases = (
				9C05EF17CAE9237BD379952B /* [CP] Check Pods Manifest.lock */,
				B586E3101E6B1C400040F9F3 /* Sources */,
				B586E3111E6B1C400040F9F3 /* Frameworks */,
				B586E3121E6B1C400040F9F3 /* Resources */,
				7FB35AFA664EC7E5A135B51E /* [CP] Embed Pods Frameworks */,
				6C9F53980B330FAC105EB5FC /* [CP] Copy Pods Resources */,
			);
			buildRules = (
			);
			dependencies = (
				B586E3161E6B1C400040F9F3 /* PBXTargetDependency */,
			);
			name = "金陵联赛Tests";
			productName = "金陵联赛Tests";
			productReference = B586E3141E6B1C400040F9F3 /* 金陵联赛Tests.xctest */;
			productType = "com.apple.product-type.bundle.unit-test";
		};
		B586E31E1E6B1C400040F9F3 /* 金陵联赛UITests */ = {
			isa = PBXNativeTarget;
			buildConfigurationList = B586E32E1E6B1C400040F9F3 /* Build configuration list for PBXNativeTarget "金陵联赛UITests" */;
			buildPhases = (
				91C8AF65BCB89166FDB23077 /* [CP] Check Pods Manifest.lock */,
				B586E31B1E6B1C400040F9F3 /* Sources */,
				B586E31C1E6B1C400040F9F3 /* Frameworks */,
				B586E31D1E6B1C400040F9F3 /* Resources */,
				54BF333B494D95D67C5922CA /* [CP] Embed Pods Frameworks */,
				0984D3C21F54D488C961E6C1 /* [CP] Copy Pods Resources */,
			);
			buildRules = (
			);
			dependencies = (
				B586E3211E6B1C400040F9F3 /* PBXTargetDependency */,
			);
			name = "金陵联赛UITests";
			productName = "金陵联赛UITests";
			productReference = B586E31F1E6B1C400040F9F3 /* 金陵联赛UITests.xctest */;
			productType = "com.apple.product-type.bundle.ui-testing";
		};
/* End PBXNativeTarget section */

/* Begin PBXProject section */
		B586E2F81E6B1C400040F9F3 /* Project object */ = {
			isa = PBXProject;
			attributes = {
				LastSwiftUpdateCheck = 0820;
				LastUpgradeCheck = 0820;
				ORGANIZATIONNAME = neo;
				TargetAttributes = {
					B586E2FF1E6B1C400040F9F3 = {
						CreatedOnToolsVersion = 8.2.1;
						DevelopmentTeam = 6ZF55757T3;
						ProvisioningStyle = Automatic;
					};
					B586E3131E6B1C400040F9F3 = {
						CreatedOnToolsVersion = 8.2.1;
						DevelopmentTeam = 6ZF55757T3;
						ProvisioningStyle = Automatic;
						TestTargetID = B586E2FF1E6B1C400040F9F3;
					};
					B586E31E1E6B1C400040F9F3 = {
						CreatedOnToolsVersion = 8.2.1;
						DevelopmentTeam = 6ZF55757T3;
						ProvisioningStyle = Automatic;
						TestTargetID = B586E2FF1E6B1C400040F9F3;
					};
				};
			};
			buildConfigurationList = B586E2FB1E6B1C400040F9F3 /* Build configuration list for PBXProject "金陵联赛" */;
			compatibilityVersion = "Xcode 3.2";
			developmentRegion = English;
			hasScannedForEncodings = 0;
			knownRegions = (
				en,
				Base,
			);
			mainGroup = B586E2F71E6B1C400040F9F3;
			productRefGroup = B586E3011E6B1C400040F9F3 /* Products */;
			projectDirPath = "";
			projectRoot = "";
			targets = (
				B586E2FF1E6B1C400040F9F3 /* 金陵联赛 */,
				B586E3131E6B1C400040F9F3 /* 金陵联赛Tests */,
				B586E31E1E6B1C400040F9F3 /* 金陵联赛UITests */,
			);
		};
/* End PBXProject section */

/* Begin PBXResourcesBuildPhase section */
		B586E2FE1E6B1C400040F9F3 /* Resources */ = {
			isa = PBXResourcesBuildPhase;
			buildActionMask = 2147483647;
			files = (
				5EBA74B21E8AD8CF00BFE194 /* DiscoveryCell.xib in Resources */,
				5E18DADB1E890977000C2659 /* JLLStatusNormalCell.xib in Resources */,
				5E0E09281E87AFA100234106 /* main.json in Resources */,
				B586E30B1E6B1C400040F9F3 /* Assets.xcassets in Resources */,
				5E18DAE31E895DE7000C2659 /* JLLScheduleCell.xib in Resources */,
			);
			runOnlyForDeploymentPostprocessing = 0;
		};
		B586E3121E6B1C400040F9F3 /* Resources */ = {
			isa = PBXResourcesBuildPhase;
			buildActionMask = 2147483647;
			files = (
			);
			runOnlyForDeploymentPostprocessing = 0;
		};
		B586E31D1E6B1C400040F9F3 /* Resources */ = {
			isa = PBXResourcesBuildPhase;
			buildActionMask = 2147483647;
			files = (
			);
			runOnlyForDeploymentPostprocessing = 0;
		};
/* End PBXResourcesBuildPhase section */

/* Begin PBXShellScriptBuildPhase section */
		0984D3C21F54D488C961E6C1 /* [CP] Copy Pods Resources */ = {
			isa = PBXShellScriptBuildPhase;
			buildActionMask = 2147483647;
			files = (
			);
			inputPaths = (
			);
			name = "[CP] Copy Pods Resources";
			outputPaths = (
			);
			runOnlyForDeploymentPostprocessing = 0;
			shellPath = /bin/sh;
			shellScript = "\"${SRCROOT}/Pods/Target Support Files/Pods-金陵联赛UITests/Pods-金陵联赛UITests-resources.sh\"\n";
			showEnvVarsInLog = 0;
		};
		465894BF043557E1DF5AB5B0 /* [CP] Embed Pods Frameworks */ = {
			isa = PBXShellScriptBuildPhase;
			buildActionMask = 2147483647;
			files = (
			);
			inputPaths = (
			);
			name = "[CP] Embed Pods Frameworks";
			outputPaths = (
			);
			runOnlyForDeploymentPostprocessing = 0;
			shellPath = /bin/sh;
			shellScript = "\"${SRCROOT}/Pods/Target Support Files/Pods-金陵联赛/Pods-金陵联赛-frameworks.sh\"\n";
			showEnvVarsInLog = 0;
		};
		52EC17E0D7D28028251D5612 /* [CP] Copy Pods Resources */ = {
			isa = PBXShellScriptBuildPhase;
			buildActionMask = 2147483647;
			files = (
			);
			inputPaths = (
			);
			name = "[CP] Copy Pods Resources";
			outputPaths = (
			);
			runOnlyForDeploymentPostprocessing = 0;
			shellPath = /bin/sh;
			shellScript = "\"${SRCROOT}/Pods/Target Support Files/Pods-金陵联赛/Pods-金陵联赛-resources.sh\"\n";
			showEnvVarsInLog = 0;
		};
		54BF333B494D95D67C5922CA /* [CP] Embed Pods Frameworks */ = {
			isa = PBXShellScriptBuildPhase;
			buildActionMask = 2147483647;
			files = (
			);
			inputPaths = (
			);
			name = "[CP] Embed Pods Frameworks";
			outputPaths = (
			);
			runOnlyForDeploymentPostprocessing = 0;
			shellPath = /bin/sh;
			shellScript = "\"${SRCROOT}/Pods/Target Support Files/Pods-金陵联赛UITests/Pods-金陵联赛UITests-frameworks.sh\"\n";
			showEnvVarsInLog = 0;
		};
		6C9F53980B330FAC105EB5FC /* [CP] Copy Pods Resources */ = {
			isa = PBXShellScriptBuildPhase;
			buildActionMask = 2147483647;
			files = (
			);
			inputPaths = (
			);
			name = "[CP] Copy Pods Resources";
			outputPaths = (
			);
			runOnlyForDeploymentPostprocessing = 0;
			shellPath = /bin/sh;
			shellScript = "\"${SRCROOT}/Pods/Target Support Files/Pods-金陵联赛Tests/Pods-金陵联赛Tests-resources.sh\"\n";
			showEnvVarsInLog = 0;
		};
		7FB35AFA664EC7E5A135B51E /* [CP] Embed Pods Frameworks */ = {
			isa = PBXShellScriptBuildPhase;
			buildActionMask = 2147483647;
			files = (
			);
			inputPaths = (
			);
			name = "[CP] Embed Pods Frameworks";
			outputPaths = (
			);
			runOnlyForDeploymentPostprocessing = 0;
			shellPath = /bin/sh;
			shellScript = "\"${SRCROOT}/Pods/Target Support Files/Pods-金陵联赛Tests/Pods-金陵联赛Tests-frameworks.sh\"\n";
			showEnvVarsInLog = 0;
		};
		88E27D7C1DABABDFD363C87E /* [CP] Check Pods Manifest.lock */ = {
			isa = PBXShellScriptBuildPhase;
			buildActionMask = 2147483647;
			files = (
			);
			inputPaths = (
			);
			name = "[CP] Check Pods Manifest.lock";
			outputPaths = (
			);
			runOnlyForDeploymentPostprocessing = 0;
			shellPath = /bin/sh;
			shellScript = "diff \"${PODS_ROOT}/../Podfile.lock\" \"${PODS_ROOT}/Manifest.lock\" > /dev/null\nif [ $? != 0 ] ; then\n    # print error to STDERR\n    echo \"error: The sandbox is not in sync with the Podfile.lock. Run 'pod install' or update your CocoaPods installation.\" >&2\n    exit 1\nfi\n";
			showEnvVarsInLog = 0;
		};
		91C8AF65BCB89166FDB23077 /* [CP] Check Pods Manifest.lock */ = {
			isa = PBXShellScriptBuildPhase;
			buildActionMask = 2147483647;
			files = (
			);
			inputPaths = (
			);
			name = "[CP] Check Pods Manifest.lock";
			outputPaths = (
			);
			runOnlyForDeploymentPostprocessing = 0;
			shellPath = /bin/sh;
			shellScript = "diff \"${PODS_ROOT}/../Podfile.lock\" \"${PODS_ROOT}/Manifest.lock\" > /dev/null\nif [ $? != 0 ] ; then\n    # print error to STDERR\n    echo \"error: The sandbox is not in sync with the Podfile.lock. Run 'pod install' or update your CocoaPods installation.\" >&2\n    exit 1\nfi\n";
			showEnvVarsInLog = 0;
		};
		9C05EF17CAE9237BD379952B /* [CP] Check Pods Manifest.lock */ = {
			isa = PBXShellScriptBuildPhase;
			buildActionMask = 2147483647;
			files = (
			);
			inputPaths = (
			);
			name = "[CP] Check Pods Manifest.lock";
			outputPaths = (
			);
			runOnlyForDeploymentPostprocessing = 0;
			shellPath = /bin/sh;
			shellScript = "diff \"${PODS_ROOT}/../Podfile.lock\" \"${PODS_ROOT}/Manifest.lock\" > /dev/null\nif [ $? != 0 ] ; then\n    # print error to STDERR\n    echo \"error: The sandbox is not in sync with the Podfile.lock. Run 'pod install' or update your CocoaPods installation.\" >&2\n    exit 1\nfi\n";
			showEnvVarsInLog = 0;
		};
/* End PBXShellScriptBuildPhase section */

/* Begin PBXSourcesBuildPhase section */
		B586E2FC1E6B1C400040F9F3 /* Sources */ = {
			isa = PBXSourcesBuildPhase;
			buildActionMask = 2147483647;
			files = (
				B59B0F071E8565C7005B52B2 /* UIButton.swift in Sources */,
				B5AE11001E7D9E5500609CD6 /* DetailViewController.swift in Sources */,
				B5465D531E8AAEDA00B65AD1 /* JLLNetworkingManager.swift in Sources */,
				B5DFDAA51E6BC899007BD6AB /* JLLDiscoveryViewController.swift in Sources */,
				5EC946E71E8AE87400715279 /* DiscoveryStatusCell.swift in Sources */,
				5E18DAE11E895DCE000C2659 /* JLLScheduleCell.swift in Sources */,
				B5DFDA9B1E6BC772007BD6AB /* JLLNavigationController.swift in Sources */,
				5E18DADA1E890977000C2659 /* JLLStatusCell.swift in Sources */,
				B5AE10FC1E7D9E1800609CD6 /* JoinViewController.swift in Sources */,
				B5DFDAA81E6C2B90007BD6AB /* BundleExtension.swift in Sources */,
				B5DFDA991E6BC506007BD6AB /* JLLMainViewController.swift in Sources */,
				B59B0F051E855443005B52B2 /* UILabel.swift in Sources */,
				B5DFDAA11E6BC874007BD6AB /* JLLScheduleViewController.swift in Sources */,
				B5DFDAA31E6BC889007BD6AB /* JLLProfileViewController.swift in Sources */,
				B5AE10FE1E7D9E2300609CD6 /* MapViewController.swift in Sources */,
				B53ABAA91E854E2200828FBD /* JLLVisitorView.swift in Sources */,
				B526202B1E6DC14B004D21C0 /* UIBarButtonItem.swift in Sources */,
				B5DFDA9D1E6BC7BC007BD6AB /* JLLBaseViewController.swift in Sources */,
				B5DFDA9F1E6BC830007BD6AB /* JLLSocietyViewController.swift in Sources */,
				B581EFD71E7EACA500A2ECDA /* JLLDemoViewController.swift in Sources */,
				B586E3041E6B1C400040F9F3 /* AppDelegate.swift in Sources */,
				5E18DADE1E895912000C2659 /* JLLUser.swift in Sources */,
			);
			runOnlyForDeploymentPostprocessing = 0;
		};
		B586E3101E6B1C400040F9F3 /* Sources */ = {
			isa = PBXSourcesBuildPhase;
			buildActionMask = 2147483647;
			files = (
				B586E3191E6B1C400040F9F3 /* ____Tests.swift in Sources */,
			);
			runOnlyForDeploymentPostprocessing = 0;
		};
		B586E31B1E6B1C400040F9F3 /* Sources */ = {
			isa = PBXSourcesBuildPhase;
			buildActionMask = 2147483647;
			files = (
				B586E3241E6B1C400040F9F3 /* ____UITests.swift in Sources */,
			);
			runOnlyForDeploymentPostprocessing = 0;
		};
/* End PBXSourcesBuildPhase section */

/* Begin PBXTargetDependency section */
		B586E3161E6B1C400040F9F3 /* PBXTargetDependency */ = {
			isa = PBXTargetDependency;
			target = B586E2FF1E6B1C400040F9F3 /* 金陵联赛 */;
			targetProxy = B586E3151E6B1C400040F9F3 /* PBXContainerItemProxy */;
		};
		B586E3211E6B1C400040F9F3 /* PBXTargetDependency */ = {
			isa = PBXTargetDependency;
			target = B586E2FF1E6B1C400040F9F3 /* 金陵联赛 */;
			targetProxy = B586E3201E6B1C400040F9F3 /* PBXContainerItemProxy */;
		};
/* End PBXTargetDependency section */

/* Begin XCBuildConfiguration section */
		B586E3261E6B1C400040F9F3 /* Debug */ = {
			isa = XCBuildConfiguration;
			buildSettings = {
				ALWAYS_SEARCH_USER_PATHS = NO;
				CLANG_ANALYZER_NONNULL = YES;
				CLANG_CXX_LANGUAGE_STANDARD = "gnu++0x";
				CLANG_CXX_LIBRARY = "libc++";
				CLANG_ENABLE_MODULES = YES;
				CLANG_ENABLE_OBJC_ARC = YES;
				CLANG_WARN_BOOL_CONVERSION = YES;
				CLANG_WARN_CONSTANT_CONVERSION = YES;
				CLANG_WARN_DIRECT_OBJC_ISA_USAGE = YES_ERROR;
				CLANG_WARN_DOCUMENTATION_COMMENTS = YES;
				CLANG_WARN_EMPTY_BODY = YES;
				CLANG_WARN_ENUM_CONVERSION = YES;
				CLANG_WARN_INFINITE_RECURSION = YES;
				CLANG_WARN_INT_CONVERSION = YES;
				CLANG_WARN_OBJC_ROOT_CLASS = YES_ERROR;
				CLANG_WARN_SUSPICIOUS_MOVE = YES;
				CLANG_WARN_UNREACHABLE_CODE = YES;
				CLANG_WARN__DUPLICATE_METHOD_MATCH = YES;
				"CODE_SIGN_IDENTITY[sdk=iphoneos*]" = "iPhone Developer";
				COPY_PHASE_STRIP = NO;
				DEBUG_INFORMATION_FORMAT = dwarf;
				ENABLE_STRICT_OBJC_MSGSEND = YES;
				ENABLE_TESTABILITY = YES;
				GCC_C_LANGUAGE_STANDARD = gnu99;
				GCC_DYNAMIC_NO_PIC = NO;
				GCC_NO_COMMON_BLOCKS = YES;
				GCC_OPTIMIZATION_LEVEL = 0;
				GCC_PREPROCESSOR_DEFINITIONS = (
					"DEBUG=1",
					"$(inherited)",
				);
				GCC_WARN_64_TO_32_BIT_CONVERSION = YES;
				GCC_WARN_ABOUT_RETURN_TYPE = YES_ERROR;
				GCC_WARN_UNDECLARED_SELECTOR = YES;
				GCC_WARN_UNINITIALIZED_AUTOS = YES_AGGRESSIVE;
				GCC_WARN_UNUSED_FUNCTION = YES;
				GCC_WARN_UNUSED_VARIABLE = YES;
				IPHONEOS_DEPLOYMENT_TARGET = 10.2;
				MTL_ENABLE_DEBUG_INFO = YES;
				ONLY_ACTIVE_ARCH = YES;
				SDKROOT = iphoneos;
				SWIFT_ACTIVE_COMPILATION_CONDITIONS = DEBUG;
				SWIFT_OPTIMIZATION_LEVEL = "-Onone";
				TARGETED_DEVICE_FAMILY = "1,2";
			};
			name = Debug;
		};
		B586E3271E6B1C400040F9F3 /* Release */ = {
			isa = XCBuildConfiguration;
			buildSettings = {
				ALWAYS_SEARCH_USER_PATHS = NO;
				CLANG_ANALYZER_NONNULL = YES;
				CLANG_CXX_LANGUAGE_STANDARD = "gnu++0x";
				CLANG_CXX_LIBRARY = "libc++";
				CLANG_ENABLE_MODULES = YES;
				CLANG_ENABLE_OBJC_ARC = YES;
				CLANG_WARN_BOOL_CONVERSION = YES;
				CLANG_WARN_CONSTANT_CONVERSION = YES;
				CLANG_WARN_DIRECT_OBJC_ISA_USAGE = YES_ERROR;
				CLANG_WARN_DOCUMENTATION_COMMENTS = YES;
				CLANG_WARN_EMPTY_BODY = YES;
				CLANG_WARN_ENUM_CONVERSION = YES;
				CLANG_WARN_INFINITE_RECURSION = YES;
				CLANG_WARN_INT_CONVERSION = YES;
				CLANG_WARN_OBJC_ROOT_CLASS = YES_ERROR;
				CLANG_WARN_SUSPICIOUS_MOVE = YES;
				CLANG_WARN_UNREACHABLE_CODE = YES;
				CLANG_WARN__DUPLICATE_METHOD_MATCH = YES;
				"CODE_SIGN_IDENTITY[sdk=iphoneos*]" = "iPhone Developer";
				COPY_PHASE_STRIP = NO;
				DEBUG_INFORMATION_FORMAT = "dwarf-with-dsym";
				ENABLE_NS_ASSERTIONS = NO;
				ENABLE_STRICT_OBJC_MSGSEND = YES;
				GCC_C_LANGUAGE_STANDARD = gnu99;
				GCC_NO_COMMON_BLOCKS = YES;
				GCC_WARN_64_TO_32_BIT_CONVERSION = YES;
				GCC_WARN_ABOUT_RETURN_TYPE = YES_ERROR;
				GCC_WARN_UNDECLARED_SELECTOR = YES;
				GCC_WARN_UNINITIALIZED_AUTOS = YES_AGGRESSIVE;
				GCC_WARN_UNUSED_FUNCTION = YES;
				GCC_WARN_UNUSED_VARIABLE = YES;
				IPHONEOS_DEPLOYMENT_TARGET = 10.2;
				MTL_ENABLE_DEBUG_INFO = NO;
				SDKROOT = iphoneos;
				SWIFT_OPTIMIZATION_LEVEL = "-Owholemodule";
				TARGETED_DEVICE_FAMILY = "1,2";
				VALIDATE_PRODUCT = YES;
			};
			name = Release;
		};
		B586E3291E6B1C400040F9F3 /* Debug */ = {
			isa = XCBuildConfiguration;
			baseConfigurationReference = D551EA95ED3387B74F2E34E1 /* Pods-金陵联赛.debug.xcconfig */;
			buildSettings = {
				ASSETCATALOG_COMPILER_APPICON_NAME = AppIcon;
				ASSETCATALOG_COMPILER_LAUNCHIMAGE_NAME = LaunchImage;
				DEVELOPMENT_TEAM = 6ZF55757T3;
				INFOPLIST_FILE = "金陵联赛/Info.plist";
				LD_RUNPATH_SEARCH_PATHS = "$(inherited) @executable_path/Frameworks";
				PRODUCT_BUNDLE_IDENTIFIER = "cn.edu.jlxy.----";
				PRODUCT_NAME = "$(TARGET_NAME)";
				SWIFT_VERSION = 3.0;
				VALID_ARCHS = "arm64 armv7";
			};
			name = Debug;
		};
		B586E32A1E6B1C400040F9F3 /* Release */ = {
			isa = XCBuildConfiguration;
			baseConfigurationReference = 52F18749227124813B6507A4 /* Pods-金陵联赛.release.xcconfig */;
			buildSettings = {
				ASSETCATALOG_COMPILER_APPICON_NAME = AppIcon;
				ASSETCATALOG_COMPILER_LAUNCHIMAGE_NAME = LaunchImage;
				DEVELOPMENT_TEAM = 6ZF55757T3;
				INFOPLIST_FILE = "金陵联赛/Info.plist";
				LD_RUNPATH_SEARCH_PATHS = "$(inherited) @executable_path/Frameworks";
				PRODUCT_BUNDLE_IDENTIFIER = "cn.edu.jlxy.----";
				PRODUCT_NAME = "$(TARGET_NAME)";
				SWIFT_VERSION = 3.0;
				VALID_ARCHS = "arm64 armv7";
			};
			name = Release;
		};
		B586E32C1E6B1C400040F9F3 /* Debug */ = {
			isa = XCBuildConfiguration;
			baseConfigurationReference = 2C9C28EB9C54E4D9705DF031 /* Pods-金陵联赛Tests.debug.xcconfig */;
			buildSettings = {
				ALWAYS_EMBED_SWIFT_STANDARD_LIBRARIES = YES;
				BUNDLE_LOADER = "$(TEST_HOST)";
				DEVELOPMENT_TEAM = 6ZF55757T3;
				INFOPLIST_FILE = "金陵联赛Tests/Info.plist";
				LD_RUNPATH_SEARCH_PATHS = "$(inherited) @executable_path/Frameworks @loader_path/Frameworks";
				PRODUCT_BUNDLE_IDENTIFIER = "cn.edu.jlxy.----Tests";
				PRODUCT_NAME = "$(TARGET_NAME)";
				SWIFT_VERSION = 3.0;
				TEST_HOST = "$(BUILT_PRODUCTS_DIR)/金陵联赛.app/金陵联赛";
			};
			name = Debug;
		};
		B586E32D1E6B1C400040F9F3 /* Release */ = {
			isa = XCBuildConfiguration;
			baseConfigurationReference = 60E1DFC953258FE08A4ED43E /* Pods-金陵联赛Tests.release.xcconfig */;
			buildSettings = {
				ALWAYS_EMBED_SWIFT_STANDARD_LIBRARIES = YES;
				BUNDLE_LOADER = "$(TEST_HOST)";
				DEVELOPMENT_TEAM = 6ZF55757T3;
				INFOPLIST_FILE = "金陵联赛Tests/Info.plist";
				LD_RUNPATH_SEARCH_PATHS = "$(inherited) @executable_path/Frameworks @loader_path/Frameworks";
				PRODUCT_BUNDLE_IDENTIFIER = "cn.edu.jlxy.----Tests";
				PRODUCT_NAME = "$(TARGET_NAME)";
				SWIFT_VERSION = 3.0;
				TEST_HOST = "$(BUILT_PRODUCTS_DIR)/金陵联赛.app/金陵联赛";
			};
			name = Release;
		};
		B586E32F1E6B1C400040F9F3 /* Debug */ = {
			isa = XCBuildConfiguration;
			baseConfigurationReference = 2A767672105BCEC2F2803BAF /* Pods-金陵联赛UITests.debug.xcconfig */;
			buildSettings = {
				ALWAYS_EMBED_SWIFT_STANDARD_LIBRARIES = YES;
				DEVELOPMENT_TEAM = 6ZF55757T3;
				INFOPLIST_FILE = "金陵联赛UITests/Info.plist";
				LD_RUNPATH_SEARCH_PATHS = "$(inherited) @executable_path/Frameworks @loader_path/Frameworks";
				PRODUCT_BUNDLE_IDENTIFIER = "cn.edu.jlxy.----UITests";
				PRODUCT_NAME = "$(TARGET_NAME)";
				SWIFT_VERSION = 3.0;
				TEST_TARGET_NAME = "金陵联赛";
			};
			name = Debug;
		};
		B586E3301E6B1C400040F9F3 /* Release */ = {
			isa = XCBuildConfiguration;
			baseConfigurationReference = 58226750F540A5197117A5F6 /* Pods-金陵联赛UITests.release.xcconfig */;
			buildSettings = {
				ALWAYS_EMBED_SWIFT_STANDARD_LIBRARIES = YES;
				DEVELOPMENT_TEAM = 6ZF55757T3;
				INFOPLIST_FILE = "金陵联赛UITests/Info.plist";
				LD_RUNPATH_SEARCH_PATHS = "$(inherited) @executable_path/Frameworks @loader_path/Frameworks";
				PRODUCT_BUNDLE_IDENTIFIER = "cn.edu.jlxy.----UITests";
				PRODUCT_NAME = "$(TARGET_NAME)";
				SWIFT_VERSION = 3.0;
				TEST_TARGET_NAME = "金陵联赛";
			};
			name = Release;
		};
/* End XCBuildConfiguration section */

/* Begin XCConfigurationList section */
		B586E2FB1E6B1C400040F9F3 /* Build configuration list for PBXProject "金陵联赛" */ = {
			isa = XCConfigurationList;
			buildConfigurations = (
				B586E3261E6B1C400040F9F3 /* Debug */,
				B586E3271E6B1C400040F9F3 /* Release */,
			);
			defaultConfigurationIsVisible = 0;
			defaultConfigurationName = Release;
		};
		B586E3281E6B1C400040F9F3 /* Build configuration list for PBXNativeTarget "金陵联赛" */ = {
			isa = XCConfigurationList;
			buildConfigurations = (
				B586E3291E6B1C400040F9F3 /* Debug */,
				B586E32A1E6B1C400040F9F3 /* Release */,
			);
			defaultConfigurationIsVisible = 0;
			defaultConfigurationName = Release;
		};
		B586E32B1E6B1C400040F9F3 /* Build configuration list for PBXNativeTarget "金陵联赛Tests" */ = {
			isa = XCConfigurationList;
			buildConfigurations = (
				B586E32C1E6B1C400040F9F3 /* Debug */,
				B586E32D1E6B1C400040F9F3 /* Release */,
			);
			defaultConfigurationIsVisible = 0;
			defaultConfigurationName = Release;
		};
		B586E32E1E6B1C400040F9F3 /* Build configuration list for PBXNativeTarget "金陵联赛UITests" */ = {
			isa = XCConfigurationList;
			buildConfigurations = (
				B586E32F1E6B1C400040F9F3 /* Debug */,
				B586E3301E6B1C400040F9F3 /* Release */,
			);
			defaultConfigurationIsVisible = 0;
			defaultConfigurationName = Release;
		};
/* End XCConfigurationList section */
	};
	rootObject = B586E2F81E6B1C400040F9F3 /* Project object */;
}
